
Microsoft Visual Studio Solution File, Format Version 12.00
# Visual Studio Version 17
VisualStudioVersion = 17.5.002.0
MinimumVisualStudioVersion = 10.0.40219.1
Project("{9A19103F-16F7-4668-BE54-9A1E7A4F7556}") = "KATAFISH-API", "KATAFISH-API.csproj", "{FFA803DD-43C7-4E5C-BCCA-CBCDD93D1DE1}"
EndProject
Global
	GlobalSection(SolutionConfigurationPlatforms) = preSolution
		Debug|Any CPU = Debug|Any CPU
		Release|Any CPU = Release|Any CPU
	EndGlobalSection
	GlobalSection(ProjectConfigurationPlatforms) = postSolution
		{FFA803DD-43C7-4E5C-BCCA-CBCDD93D1DE1}.Debug|Any CPU.ActiveCfg = Debug|Any CPU
		{FFA803DD-43C7-4E5C-BCCA-CBCDD93D1DE1}.Debug|Any CPU.Build.0 = Debug|Any CPU
		{FFA803DD-43C7-4E5C-BCCA-CBCDD93D1DE1}.Release|Any CPU.ActiveCfg = Release|Any CPU
		{FFA803DD-43C7-4E5C-BCCA-CBCDD93D1DE1}.Release|Any CPU.Build.0 = Release|Any CPU
	EndGlobalSection
	GlobalSection(SolutionProperties) = preSolution
		HideSolutionNode = FALSE
	EndGlobalSection
	GlobalSection(ExtensibilityGlobals) = postSolution
		SolutionGuid = {AE04E40A-FC20-473C-95F0-994A5682B179}
	EndGlobalSection
EndGlobal
